<?xml version="1.0" encoding="UTF-8"?>
<CONFIG>
  <ProjectOptions>
    <Version Value="12"/>
    <PathDelim Value="\"/>
    <General>
      <SessionStorage Value="InProjectDir"/>
      <Title Value="OnlineXCompTool"/>
      <Scaled Value="True"/>
      <ResourceType Value="res"/>
      <UseXPManifest Value="True"/>
      <XPManifest>
        <DpiAware Value="True"/>
      </XPManifest>
      <Icon Value="0"/>
    </General>
    <BuildModes>
      <Item Name="Debug" Default="True"/>
      <Item Name="Windows x64 Release">
        <CompilerOptions>
          <Version Value="11"/>
          <PathDelim Value="\"/>
          <Target>
            <Filename Value="bin\$(TargetOS)-$(TargetCPU)\OnlineXCompTool"/>
          </Target>
          <SearchPaths>
            <IncludeFiles Value="$(ProjOutDir)"/>
            <OtherUnitFiles Value="synalist-code-r266-trunk"/>
            <UnitOutputDirectory Value="lib\$(TargetOS)-$(TargetCPU)"/>
          </SearchPaths>
          <CodeGeneration>
            <TargetCPU Value="x86_64"/>
            <TargetOS Value="win64"/>
            <Optimizations>
              <OptimizationLevel Value="2"/>
            </Optimizations>
          </CodeGeneration>
          <Linking>
            <Debugging>
              <GenerateDebugInfo Value="False"/>
              <DebugInfoType Value="dsDwarf3"/>
            </Debugging>
            <Options>
              <Win32>
                <GraphicApplication Value="True"/>
              </Win32>
            </Options>
          </Linking>
        </CompilerOptions>
      </Item>
      <Item Name="Windows x32 Release">
        <CompilerOptions>
          <Version Value="11"/>
          <PathDelim Value="\"/>
          <Target>
            <Filename Value="bin\$(TargetOS)-$(TargetCPU)\OnlineXCompTool"/>
          </Target>
          <SearchPaths>
            <IncludeFiles Value="$(ProjOutDir)"/>
            <OtherUnitFiles Value="synalist-code-r266-trunk"/>
            <UnitOutputDirectory Value="lib\$(TargetOS)-$(TargetCPU)"/>
          </SearchPaths>
          <CodeGeneration>
            <TargetCPU Value="i386"/>
            <TargetOS Value="win32"/>
            <Optimizations>
              <OptimizationLevel Value="2"/>
            </Optimizations>
          </CodeGeneration>
          <Linking>
            <Debugging>
              <GenerateDebugInfo Value="False"/>
              <DebugInfoType Value="dsDwarf3"/>
            </Debugging>
            <Options>
              <Win32>
                <GraphicApplication Value="True"/>
              </Win32>
            </Options>
          </Linking>
        </CompilerOptions>
      </Item>
      <Item Name="Linux x64 Release">
        <CompilerOptions>
          <Version Value="11"/>
          <PathDelim Value="\"/>
          <Target>
            <Filename Value="bin\$(TargetOS)-$(TargetCPU)\OnlineXCompTool"/>
          </Target>
          <SearchPaths>
            <IncludeFiles Value="$(ProjOutDir)"/>
            <OtherUnitFiles Value="synalist-code-r266-trunk"/>
            <UnitOutputDirectory Value="lib\$(TargetOS)-$(TargetCPU)"/>
          </SearchPaths>
          <CodeGeneration>
            <TargetCPU Value="x86_64"/>
            <TargetOS Value="linux"/>
            <Optimizations>
              <OptimizationLevel Value="2"/>
            </Optimizations>
          </CodeGeneration>
          <Linking>
            <Debugging>
              <GenerateDebugInfo Value="False"/>
              <DebugInfoType Value="dsDwarf3"/>
            </Debugging>
            <Options>
              <Win32>
                <GraphicApplication Value="True"/>
              </Win32>
            </Options>
          </Linking>
        </CompilerOptions>
      </Item>
      <Item Name="Linux x32 Release">
        <CompilerOptions>
          <Version Value="11"/>
          <PathDelim Value="\"/>
          <Target>
            <Filename Value="bin\$(TargetOS)-$(TargetCPU)\OnlineXCompTool"/>
          </Target>
          <SearchPaths>
            <IncludeFiles Value="$(ProjOutDir)"/>
            <OtherUnitFiles Value="synalist-code-r266-trunk"/>
            <UnitOutputDirectory Value="lib\$(TargetOS)-$(TargetCPU)"/>
          </SearchPaths>
          <CodeGeneration>
            <TargetCPU Value="i386"/>
            <TargetOS Value="linux"/>
            <Optimizations>
              <OptimizationLevel Value="2"/>
            </Optimizations>
          </CodeGeneration>
          <Linking>
            <Debugging>
              <GenerateDebugInfo Value="False"/>
              <DebugInfoType Value="dsDwarf3"/>
            </Debugging>
            <Options>
              <Win32>
                <GraphicApplication Value="True"/>
              </Win32>
            </Options>
          </Linking>
        </CompilerOptions>
      </Item>
    </BuildModes>
    <PublishOptions>
      <Version Value="2"/>
      <UseFileFilters Value="True"/>
    </PublishOptions>
    <RunParams>
      <FormatVersion Value="2"/>
    </RunParams>
    <RequiredPackages>
      <Item>
        <PackageName Value="FCL"/>
      </Item>
      <Item>
        <PackageName Value="LCL"/>
      </Item>
    </RequiredPackages>
    <Units>
      <Unit>
        <Filename Value="OnlineXCompTool.lpr"/>
        <IsPartOfProject Value="True"/>
      </Unit>
      <Unit>
        <Filename Value="unit1.pas"/>
        <IsPartOfProject Value="True"/>
        <ComponentName Value="Form1"/>
        <HasResources Value="True"/>
        <ResourceBaseClass Value="Form"/>
        <UnitName Value="Unit1"/>
      </Unit>
      <Unit>
        <Filename Value="xcomp.pas"/>
        <IsPartOfProject Value="True"/>
        <UnitName Value="XComp"/>
      </Unit>
      <Unit>
        <Filename Value="htmltotext.pas"/>
        <IsPartOfProject Value="True"/>
        <UnitName Value="HtmlToText"/>
      </Unit>
    </Units>
  </ProjectOptions>
  <CompilerOptions>
    <Version Value="11"/>
    <PathDelim Value="\"/>
    <Target>
      <Filename Value="bin\Debug\OnlineXCompTool"/>
    </Target>
    <SearchPaths>
      <IncludeFiles Value="$(ProjOutDir)"/>
      <OtherUnitFiles Value="synalist-code-r266-trunk"/>
      <UnitOutputDirectory Value="lib\Debug"/>
    </SearchPaths>
    <Linking>
      <Debugging>
        <DebugInfoType Value="dsDwarf3"/>
      </Debugging>
      <Options>
        <Win32>
          <GraphicApplication Value="True"/>
        </Win32>
      </Options>
    </Linking>
  </CompilerOptions>
  <Debugging>
    <Exceptions>
      <Item>
        <Name Value="EAbort"/>
      </Item>
      <Item>
        <Name Value="ECodetoolError"/>
      </Item>
      <Item>
        <Name Value="EFOpenError"/>
      </Item>
    </Exceptions>
  </Debugging>
</CONFIG>
